// Bun lockfile v1 — text JSONC format (Bun 1.2+).
// Generated by: bun-catalogs-probe scaffolding (qa-detection-repo-integration).
// Bun minimum version: 1.2.0  (catalog / catalogs fields require Bun 1.2+).
//
// CATALOG EXPANSION NOTES:
//   D4 — default catalog:
//     "catalog:" in a dep value refers to the root-level "catalog" object.
//     zod: "catalog:"  →  root.catalog.zod = "^3.25.0"  →  resolved: zod@3.25.68
//
//   D5 — named catalog "react18":
//     "catalog:react18" in a dep value refers to root.catalogs.react18.
//     react: "catalog:react18"      →  catalogs.react18.react = "^18.0.0"    →  resolved: react@18.3.1
//     react-dom: "catalog:react18"  →  catalogs.react18.react-dom = "^18.0.0" →  resolved: react-dom@18.3.1
//
// Both catalog tokens are EXPANDED to concrete semver in the packages section.
// The workspaces section records the catalog: token verbatim (as the manifest declares it).
// Mend must cross-reference the workspaces section with the packages section to build the tree.
// If Mend's parser does not recognize "catalog:" as a version specifier type, it will
// leave the deps with literal version "catalog:" / "catalog:react18" — a parse-error signal.
//
// Transitive dependencies resolved:
//   react@18.3.1        → js-tokens@4.0.0, loose-envify@1.4.0  (via react's own deps)
//   react-dom@18.3.1    → scheduler@0.23.2  (react-dom peer-runtime dep)
//   scheduler@0.23.2    → loose-envify@1.4.0  (deduplicated with react's transitive)
//   loose-envify@1.4.0  → js-tokens@4.0.0
//   zod@3.25.68         → (no runtime deps)

{
  "lockfileVersion": 1,

  // workspaces: records each workspace member's manifest-declared dependencies,
  // using the catalog: tokens VERBATIM (not expanded).  Expansion happens via the
  // packages section below.
  "workspaces": {

    // Root workspace — declares catalog and catalogs; no direct npm deps of its own.
    "": {
      "name": "bun-catalogs-probe",
      // The catalog and catalogs declarations are in package.json but are NOT repeated
      // in bun.lock workspaces as dependency entries — they are metadata for resolution.
    },

    // Workspace member: app — uses both default catalog (zod) and named catalog (react, react-dom).
    "packages/app": {
      "name": "app",
      "dependencies": {
        // "catalog:" expands via root.catalog.zod = "^3.25.0" → zod@3.25.68
        "zod": "catalog:",
        // "catalog:react18" expands via root.catalogs.react18.react = "^18.0.0" → react@18.3.1
        "react": "catalog:react18",
        // "catalog:react18" expands via root.catalogs.react18.react-dom = "^18.0.0" → react-dom@18.3.1
        "react-dom": "catalog:react18",
      },
    },

    // Workspace member: lib — uses only the default catalog (zod).
    "packages/lib": {
      "name": "lib",
      "dependencies": {
        // "catalog:" expands via root.catalog.zod = "^3.25.0" → zod@3.25.68 (same resolution as app)
        "zod": "catalog:",
      },
    },
  },

  // packages: concrete resolved registry entries.
  // Catalog tokens are fully expanded here; each entry gives the exact locked version.
  // Tuple format: ["name@version", { peer/dep metadata }, "integrity-hash"]
  "packages": {

    // D4 — default catalog expansion:
    // zod@3.25.68 is the locked resolution for catalog: → ^3.25.0.
    // Shared by both "app" and "lib" workspace members (deduplication: one entry).
    // zod has no runtime dependencies.
    "zod": ["zod@3.25.68", {}, "sha512-2APbrl2EQHZRaSvpUZNKWKAJNKwG9sNgDqmd+Y2o/C9UmsB2ClDwE9+/cfxPSkwQRV45T3XPNCrXM/scQ/0TTQ=="],

    // D5 — named catalog "react18" expansion:
    // react@18.3.1 — resolution for catalog:react18 → ^18.0.0
    // react has two runtime dependencies: loose-envify and js-tokens (via loose-envify).
    "react": ["react@18.3.1", { "loose-envify": "^1.1.0" }, "sha512-wS+hAgJShR0KhEvPJArfuPVN1+Hz1t0Y6n5jLrGQbkb4urgPE/0Rve+1kMB1v/oWgHgm4WIcV+i7F2pTVj+2iQ=="],

    // D5 — named catalog "react18" expansion:
    // react-dom@18.3.1 — resolution for catalog:react18 react-dom → ^18.0.0
    // react-dom has scheduler as a direct runtime dep; react itself is a peer.
    "react-dom": ["react-dom@18.3.1", { "scheduler": "^0.23.2" }, "sha512-5m4nQKp+rZRb09LNH59GM4BxTh9251/ylbKIbpe7TpGxfJ+9kv6BLkLBXIjjspbgbnIBNqlI23tRnTWT0snUIyw=="],

    // Transitive of react-dom@18.3.1:
    // scheduler@0.23.2 — runtime dep of react-dom.
    "scheduler": ["scheduler@0.23.2", { "loose-envify": "^1.1.0" }, "sha512-UOShsPwz7NrMUqhR6t0hWjFduvOzbtv7toDH1/hIVFqNgIdQLan6GIsrbXGQFB/7Kkm1MziMw702bSiPso+iFg=="],

    // Transitive of react@18.3.1 and scheduler@0.23.2 (deduplicated):
    // loose-envify@1.4.0 — both react and scheduler declare it; one entry in lockfile.
    "loose-envify": ["loose-envify@1.4.0", { "js-tokens": "^3.0.0 || ^4.0.0" }, "sha512-lyuxPGr/Wfhrlem2CL/UcnUc1zcqKAImBDzukY7Y5F/yQiNdko6+fRLevlw1HgMySw7f8ZWR+wlEqm2+3FGACA=="],

    // Transitive of loose-envify@1.4.0:
    // js-tokens@4.0.0 — tokenizer used by loose-envify.
    "js-tokens": ["js-tokens@4.0.0", {}, "sha512-RdJUflcE3cUzKiMqQgsCu06FPu9UdIJO0beYbPhHN4k6apgJtifcoCtT9bcxOpYBtpD2kCM6Sbzg4CausW/PKQ=="],
  },
}